// !$*UTF8*$!
{
	archiveVersion = 1;
	classes = {
	};
	objectVersion = 50;
	objects = {

/* Begin PBXBuildFile section */
		D492564D24647B25008CCC44 /* note.cpp in Sources */ = {isa = PBXBuildFile; fileRef = D492563524647B24008CCC44 /* note.cpp */; };
		D492564E24647B25008CCC44 /* 12_CO_en_case.cpp in Sources */ = {isa = PBXBuildFile; fileRef = D492563624647B25008CCC44 /* 12_CO_en_case.cpp */; };
		D492564F24647B25008CCC44 /* 11_CO_en.cpp in Sources */ = {isa = PBXBuildFile; fileRef = D492563724647B25008CCC44 /* 11_CO_en.cpp */; };
		D492565024647B25008CCC44 /* 17_Inherit.cpp in Sources */ = {isa = PBXBuildFile; fileRef = D492563824647B25008CCC44 /* 17_Inherit.cpp */; };
		D492565124647B25008CCC44 /* 3_Arr.cpp in Sources */ = {isa = PBXBuildFile; fileRef = D492563A24647B25008CCC44 /* 3_Arr.cpp */; };
		D492565224647B25008CCC44 /* 16_Operator_ol.cpp in Sources */ = {isa = PBXBuildFile; fileRef = D492563B24647B25008CCC44 /* 16_Operator_ol.cpp */; };
		D492565324647B25008CCC44 /* 8_Heap.cpp in Sources */ = {isa = PBXBuildFile; fileRef = D492563D24647B25008CCC44 /* 8_Heap.cpp */; };
		D492565424647B25008CCC44 /* 5_StringThing.cpp in Sources */ = {isa = PBXBuildFile; fileRef = D492563E24647B25008CCC44 /* 5_StringThing.cpp */; };
		D492565524647B25008CCC44 /* 14_CO_this.cpp in Sources */ = {isa = PBXBuildFile; fileRef = D492563F24647B25008CCC44 /* 14_CO_this.cpp */; };
		D492565624647B25008CCC44 /* 10_Function.cpp in Sources */ = {isa = PBXBuildFile; fileRef = D492564024647B25008CCC44 /* 10_Function.cpp */; };
		D492565724647B25008CCC44 /* 9_Quote.cpp in Sources */ = {isa = PBXBuildFile; fileRef = D492564124647B25008CCC44 /* 9_Quote.cpp */; };
		D492565824647B25008CCC44 /* 1_Const_DateType.cpp in Sources */ = {isa = PBXBuildFile; fileRef = D492564224647B25008CCC44 /* 1_Const_DateType.cpp */; };
		D492565924647B25008CCC44 /* 15_CO_Friend.cpp in Sources */ = {isa = PBXBuildFile; fileRef = D492564324647B25008CCC44 /* 15_CO_Friend.cpp */; };
		D492565A24647B25008CCC44 /* Circle.cpp in Sources */ = {isa = PBXBuildFile; fileRef = D492564424647B25008CCC44 /* Circle.cpp */; };
		D492565B24647B25008CCC44 /* Leiwei_ob.cpp in Sources */ = {isa = PBXBuildFile; fileRef = D492564524647B25008CCC44 /* Leiwei_ob.cpp */; };
		D492565C24647B25008CCC44 /* 13_CO_buile_clearn.cpp in Sources */ = {isa = PBXBuildFile; fileRef = D492564624647B25008CCC44 /* 13_CO_buile_clearn.cpp */; };
		D492565D24647B25008CCC44 /* 6_ABMS.cpp in Sources */ = {isa = PBXBuildFile; fileRef = D492564724647B25008CCC44 /* 6_ABMS.cpp */; };
		D492565E24647B25008CCC44 /* main.cpp in Sources */ = {isa = PBXBuildFile; fileRef = D492564824647B25008CCC44 /* main.cpp */; };
		D492565F24647B25008CCC44 /* Point.cpp in Sources */ = {isa = PBXBuildFile; fileRef = D492564924647B25008CCC44 /* Point.cpp */; };
		D492566024647B25008CCC44 /* 2_Operator.cpp in Sources */ = {isa = PBXBuildFile; fileRef = D492564A24647B25008CCC44 /* 2_Operator.cpp */; };
		D492566124647B25008CCC44 /* 7_Stack.cpp in Sources */ = {isa = PBXBuildFile; fileRef = D492564B24647B25008CCC44 /* 7_Stack.cpp */; };
		D492566224647B25008CCC44 /* 4_Pointer.cpp in Sources */ = {isa = PBXBuildFile; fileRef = D492564C24647B25008CCC44 /* 4_Pointer.cpp */; };
/* End PBXBuildFile section */

/* Begin PBXCopyFilesBuildPhase section */
		D492562924647AC6008CCC44 /* CopyFiles */ = {
			isa = PBXCopyFilesBuildPhase;
			buildActionMask = 2147483647;
			dstPath = /usr/share/man/man1/;
			dstSubfolderSpec = 0;
			files = (
			);
			runOnlyForDeploymentPostprocessing = 1;
		};
/* End PBXCopyFilesBuildPhase section */

/* Begin PBXFileReference section */
		D492562B24647AC6008CCC44 /* 3-cpp */ = {isa = PBXFileReference; explicitFileType = "compiled.mach-o.executable"; includeInIndex = 0; path = "3-cpp"; sourceTree = BUILT_PRODUCTS_DIR; };
		D492563524647B24008CCC44 /* note.cpp */ = {isa = PBXFileReference; fileEncoding = 4; lastKnownFileType = sourcecode.cpp.cpp; path = note.cpp; sourceTree = "<group>"; };
		D492563624647B25008CCC44 /* 12_CO_en_case.cpp */ = {isa = PBXFileReference; fileEncoding = 4; lastKnownFileType = sourcecode.cpp.cpp; path = 12_CO_en_case.cpp; sourceTree = "<group>"; };
		D492563724647B25008CCC44 /* 11_CO_en.cpp */ = {isa = PBXFileReference; fileEncoding = 4; lastKnownFileType = sourcecode.cpp.cpp; path = 11_CO_en.cpp; sourceTree = "<group>"; };
		D492563824647B25008CCC44 /* 17_Inherit.cpp */ = {isa = PBXFileReference; fileEncoding = 4; lastKnownFileType = sourcecode.cpp.cpp; path = 17_Inherit.cpp; sourceTree = "<group>"; };
		D492563924647B25008CCC44 /* Circle.hpp */ = {isa = PBXFileReference; fileEncoding = 4; lastKnownFileType = sourcecode.cpp.h; path = Circle.hpp; sourceTree = "<group>"; };
		D492563A24647B25008CCC44 /* 3_Arr.cpp */ = {isa = PBXFileReference; fileEncoding = 4; lastKnownFileType = sourcecode.cpp.cpp; path = 3_Arr.cpp; sourceTree = "<group>"; };
		D492563B24647B25008CCC44 /* 16_Operator_ol.cpp */ = {isa = PBXFileReference; fileEncoding = 4; lastKnownFileType = sourcecode.cpp.cpp; path = 16_Operator_ol.cpp; sourceTree = "<group>"; };
		D492563C24647B25008CCC44 /* Point.hpp */ = {isa = PBXFileReference; fileEncoding = 4; lastKnownFileType = sourcecode.cpp.h; path = Point.hpp; sourceTree = "<group>"; };
		D492563D24647B25008CCC44 /* 8_Heap.cpp */ = {isa = PBXFileReference; fileEncoding = 4; lastKnownFileType = sourcecode.cpp.cpp; path = 8_Heap.cpp; sourceTree = "<group>"; };
		D492563E24647B25008CCC44 /* 5_StringThing.cpp */ = {isa = PBXFileReference; fileEncoding = 4; lastKnownFileType = sourcecode.cpp.cpp; path = 5_StringThing.cpp; sourceTree = "<group>"; };
		D492563F24647B25008CCC44 /* 14_CO_this.cpp */ = {isa = PBXFileReference; fileEncoding = 4; lastKnownFileType = sourcecode.cpp.cpp; path = 14_CO_this.cpp; sourceTree = "<group>"; };
		D492564024647B25008CCC44 /* 10_Function.cpp */ = {isa = PBXFileReference; fileEncoding = 4; lastKnownFileType = sourcecode.cpp.cpp; path = 10_Function.cpp; sourceTree = "<group>"; };
		D492564124647B25008CCC44 /* 9_Quote.cpp */ = {isa = PBXFileReference; fileEncoding = 4; lastKnownFileType = sourcecode.cpp.cpp; path = 9_Quote.cpp; sourceTree = "<group>"; };
		D492564224647B25008CCC44 /* 1_Const_DateType.cpp */ = {isa = PBXFileReference; fileEncoding = 4; lastKnownFileType = sourcecode.cpp.cpp; path = 1_Const_DateType.cpp; sourceTree = "<group>"; };
		D492564324647B25008CCC44 /* 15_CO_Friend.cpp */ = {isa = PBXFileReference; fileEncoding = 4; lastKnownFileType = sourcecode.cpp.cpp; path = 15_CO_Friend.cpp; sourceTree = "<group>"; };
		D492564424647B25008CCC44 /* Circle.cpp */ = {isa = PBXFileReference; fileEncoding = 4; lastKnownFileType = sourcecode.cpp.cpp; path = Circle.cpp; sourceTree = "<group>"; };
		D492564524647B25008CCC44 /* Leiwei_ob.cpp */ = {isa = PBXFileReference; fileEncoding = 4; lastKnownFileType = sourcecode.cpp.cpp; path = Leiwei_ob.cpp; sourceTree = "<group>"; };
		D492564624647B25008CCC44 /* 13_CO_buile_clearn.cpp */ = {isa = PBXFileReference; fileEncoding = 4; lastKnownFileType = sourcecode.cpp.cpp; path = 13_CO_buile_clearn.cpp; sourceTree = "<group>"; };
		D492564724647B25008CCC44 /* 6_ABMS.cpp */ = {isa = PBXFileReference; fileEncoding = 4; lastKnownFileType = sourcecode.cpp.cpp; path = 6_ABMS.cpp; sourceTree = "<group>"; };
		D492564824647B25008CCC44 /* main.cpp */ = {isa = PBXFileReference; fileEncoding = 4; lastKnownFileType = sourcecode.cpp.cpp; path = main.cpp; sourceTree = "<group>"; };
		D492564924647B25008CCC44 /* Point.cpp */ = {isa = PBXFileReference; fileEncoding = 4; lastKnownFileType = sourcecode.cpp.cpp; path = Point.cpp; sourceTree = "<group>"; };
		D492564A24647B25008CCC44 /* 2_Operator.cpp */ = {isa = PBXFileReference; fileEncoding = 4; lastKnownFileType = sourcecode.cpp.cpp; path = 2_Operator.cpp; sourceTree = "<group>"; };
		D492564B24647B25008CCC44 /* 7_Stack.cpp */ = {isa = PBXFileReference; fileEncoding = 4; lastKnownFileType = sourcecode.cpp.cpp; path = 7_Stack.cpp; sourceTree = "<group>"; };
		D492564C24647B25008CCC44 /* 4_Pointer.cpp */ = {isa = PBXFileReference; fileEncoding = 4; lastKnownFileType = sourcecode.cpp.cpp; path = 4_Pointer.cpp; sourceTree = "<group>"; };
/* End PBXFileReference section */

/* Begin PBXFrameworksBuildPhase section */
		D492562824647AC6008CCC44 /* Frameworks */ = {
			isa = PBXFrameworksBuildPhase;
			buildActionMask = 2147483647;
			files = (
			);
			runOnlyForDeploymentPostprocessing = 0;
		};
/* End PBXFrameworksBuildPhase section */

/* Begin PBXGroup section */
		D492562224647AC6008CCC44 = {
			isa = PBXGroup;
			children = (
				D492562D24647AC6008CCC44 /* 3-cpp */,
				D492562C24647AC6008CCC44 /* Products */,
			);
			sourceTree = "<group>";
		};
		D492562C24647AC6008CCC44 /* Products */ = {
			isa = PBXGroup;
			children = (
				D492562B24647AC6008CCC44 /* 3-cpp */,
			);
			name = Products;
			sourceTree = "<group>";
		};
		D492562D24647AC6008CCC44 /* 3-cpp */ = {
			isa = PBXGroup;
			children = (
				D492564224647B25008CCC44 /* 1_Const_DateType.cpp */,
				D492564A24647B25008CCC44 /* 2_Operator.cpp */,
				D492563A24647B25008CCC44 /* 3_Arr.cpp */,
				D492564C24647B25008CCC44 /* 4_Pointer.cpp */,
				D492563E24647B25008CCC44 /* 5_StringThing.cpp */,
				D492564724647B25008CCC44 /* 6_ABMS.cpp */,
				D492564B24647B25008CCC44 /* 7_Stack.cpp */,
				D492563D24647B25008CCC44 /* 8_Heap.cpp */,
				D492564124647B25008CCC44 /* 9_Quote.cpp */,
				D492564024647B25008CCC44 /* 10_Function.cpp */,
				D492563724647B25008CCC44 /* 11_CO_en.cpp */,
				D492563624647B25008CCC44 /* 12_CO_en_case.cpp */,
				D492564624647B25008CCC44 /* 13_CO_buile_clearn.cpp */,
				D492563F24647B25008CCC44 /* 14_CO_this.cpp */,
				D492564324647B25008CCC44 /* 15_CO_Friend.cpp */,
				D492563B24647B25008CCC44 /* 16_Operator_ol.cpp */,
				D492563824647B25008CCC44 /* 17_Inherit.cpp */,
				D492564424647B25008CCC44 /* Circle.cpp */,
				D492563924647B25008CCC44 /* Circle.hpp */,
				D492564524647B25008CCC44 /* Leiwei_ob.cpp */,
				D492564824647B25008CCC44 /* main.cpp */,
				D492563524647B24008CCC44 /* note.cpp */,
				D492564924647B25008CCC44 /* Point.cpp */,
				D492563C24647B25008CCC44 /* Point.hpp */,
			);
			path = "3-cpp";
			sourceTree = "<group>";
		};
/* End PBXGroup section */

/* Begin PBXNativeTarget section */
		D492562A24647AC6008CCC44 /* 3-cpp */ = {
			isa = PBXNativeTarget;
			buildConfigurationList = D492563224647AC6008CCC44 /* Build configuration list for PBXNativeTarget "3-cpp" */;
			buildPhases = (
				D492562724647AC6008CCC44 /* Sources */,
				D492562824647AC6008CCC44 /* Frameworks */,
				D492562924647AC6008CCC44 /* CopyFiles */,
			);
			buildRules = (
			);
			dependencies = (
			);
			name = "3-cpp";
			productName = "3-cpp";
			productReference = D492562B24647AC6008CCC44 /* 3-cpp */;
			productType = "com.apple.product-type.tool";
		};
/* End PBXNativeTarget section */

/* Begin PBXProject section */
		D492562324647AC6008CCC44 /* Project object */ = {
			isa = PBXProject;
			attributes = {
				LastUpgradeCheck = 1140;
				ORGANIZATIONNAME = kabun;
				TargetAttributes = {
					D492562A24647AC6008CCC44 = {
						CreatedOnToolsVersion = 11.4.1;
					};
				};
			};
			buildConfigurationList = D492562624647AC6008CCC44 /* Build configuration list for PBXProject "3-cpp" */;
			compatibilityVersion = "Xcode 9.3";
			developmentRegion = en;
			hasScannedForEncodings = 0;
			knownRegions = (
				en,
				Base,
			);
			mainGroup = D492562224647AC6008CCC44;
			productRefGroup = D492562C24647AC6008CCC44 /* Products */;
			projectDirPath = "";
			projectRoot = "";
			targets = (
				D492562A24647AC6008CCC44 /* 3-cpp */,
			);
		};
/* End PBXProject section */

/* Begin PBXSourcesBuildPhase section */
		D492562724647AC6008CCC44 /* Sources */ = {
			isa = PBXSourcesBuildPhase;
			buildActionMask = 2147483647;
			files = (
				D492565624647B25008CCC44 /* 10_Function.cpp in Sources */,
				D492565A24647B25008CCC44 /* Circle.cpp in Sources */,
				D492565324647B25008CCC44 /* 8_Heap.cpp in Sources */,
				D492565724647B25008CCC44 /* 9_Quote.cpp in Sources */,
				D492565124647B25008CCC44 /* 3_Arr.cpp in Sources */,
				D492566124647B25008CCC44 /* 7_Stack.cpp in Sources */,
				D492565924647B25008CCC44 /* 15_CO_Friend.cpp in Sources */,
				D492565424647B25008CCC44 /* 5_StringThing.cpp in Sources */,
				D492565524647B25008CCC44 /* 14_CO_this.cpp in Sources */,
				D492565824647B25008CCC44 /* 1_Const_DateType.cpp in Sources */,
				D492565C24647B25008CCC44 /* 13_CO_buile_clearn.cpp in Sources */,
				D492566024647B25008CCC44 /* 2_Operator.cpp in Sources */,
				D492565024647B25008CCC44 /* 17_Inherit.cpp in Sources */,
				D492565F24647B25008CCC44 /* Point.cpp in Sources */,
				D492564D24647B25008CCC44 /* note.cpp in Sources */,
				D492565E24647B25008CCC44 /* main.cpp in Sources */,
				D492566224647B25008CCC44 /* 4_Pointer.cpp in Sources */,
				D492565D24647B25008CCC44 /* 6_ABMS.cpp in Sources */,
				D492565224647B25008CCC44 /* 16_Operator_ol.cpp in Sources */,
				D492565B24647B25008CCC44 /* Leiwei_ob.cpp in Sources */,
				D492564F24647B25008CCC44 /* 11_CO_en.cpp in Sources */,
				D492564E24647B25008CCC44 /* 12_CO_en_case.cpp in Sources */,
			);
			runOnlyForDeploymentPostprocessing = 0;
		};
/* End PBXSourcesBuildPhase section */

/* Begin XCBuildConfiguration section */
		D492563024647AC6008CCC44 /* Debug */ = {
			isa = XCBuildConfiguration;
			buildSettings = {
				ALWAYS_SEARCH_USER_PATHS = NO;
				CLANG_ANALYZER_NONNULL = YES;
				CLANG_ANALYZER_NUMBER_OBJECT_CONVERSION = YES_AGGRESSIVE;
				CLANG_CXX_LANGUAGE_STANDARD = "gnu++14";
				CLANG_CXX_LIBRARY = "libc++";
				CLANG_ENABLE_MODULES = YES;
				CLANG_ENABLE_OBJC_ARC = YES;
				CLANG_ENABLE_OBJC_WEAK = YES;
				CLANG_WARN_BLOCK_CAPTURE_AUTORELEASING = YES;
				CLANG_WARN_BOOL_CONVERSION = YES;
				CLANG_WARN_COMMA = YES;
				CLANG_WARN_CONSTANT_CONVERSION = YES;
				CLANG_WARN_DEPRECATED_OBJC_IMPLEMENTATIONS = YES;
				CLANG_WARN_DIRECT_OBJC_ISA_USAGE = YES_ERROR;
				CLANG_WARN_DOCUMENTATION_COMMENTS = YES;
				CLANG_WARN_EMPTY_BODY = YES;
				CLANG_WARN_ENUM_CONVERSION = YES;
				CLANG_WARN_INFINITE_RECURSION = YES;
				CLANG_WARN_INT_CONVERSION = YES;
				CLANG_WARN_NON_LITERAL_NULL_CONVERSION = YES;
				CLANG_WARN_OBJC_IMPLICIT_RETAIN_SELF = YES;
				CLANG_WARN_OBJC_LITERAL_CONVERSION = YES;
				CLANG_WARN_OBJC_ROOT_CLASS = YES_ERROR;
				CLANG_WARN_RANGE_LOOP_ANALYSIS = YES;
				CLANG_WARN_STRICT_PROTOTYPES = YES;
				CLANG_WARN_SUSPICIOUS_MOVE = YES;
				CLANG_WARN_UNGUARDED_AVAILABILITY = YES_AGGRESSIVE;
				CLANG_WARN_UNREACHABLE_CODE = YES;
				CLANG_WARN__DUPLICATE_METHOD_MATCH = YES;
				COPY_PHASE_STRIP = NO;
				DEBUG_INFORMATION_FORMAT = dwarf;
				ENABLE_STRICT_OBJC_MSGSEND = YES;
				ENABLE_TESTABILITY = YES;
				GCC_C_LANGUAGE_STANDARD = gnu11;
				GCC_DYNAMIC_NO_PIC = NO;
				GCC_NO_COMMON_BLOCKS = YES;
				GCC_OPTIMIZATION_LEVEL = 0;
				GCC_PREPROCESSOR_DEFINITIONS = (
					"DEBUG=1",
					"$(inherited)",
				);
				GCC_WARN_64_TO_32_BIT_CONVERSION = YES;
				GCC_WARN_ABOUT_RETURN_TYPE = YES_ERROR;
				GCC_WARN_UNDECLARED_SELECTOR = YES;
				GCC_WARN_UNINITIALIZED_AUTOS = YES_AGGRESSIVE;
				GCC_WARN_UNUSED_FUNCTION = YES;
				GCC_WARN_UNUSED_VARIABLE = YES;
				MACOSX_DEPLOYMENT_TARGET = 10.15;
				MTL_ENABLE_DEBUG_INFO = INCLUDE_SOURCE;
				MTL_FAST_MATH = YES;
				ONLY_ACTIVE_ARCH = YES;
				SDKROOT = macosx;
			};
			name = Debug;
		};
		D492563124647AC6008CCC44 /* Release */ = {
			isa = XCBuildConfiguration;
			buildSettings = {
				ALWAYS_SEARCH_USER_PATHS = NO;
				CLANG_ANALYZER_NONNULL = YES;
				CLANG_ANALYZER_NUMBER_OBJECT_CONVERSION = YES_AGGRESSIVE;
				CLANG_CXX_LANGUAGE_STANDARD = "gnu++14";
				CLANG_CXX_LIBRARY = "libc++";
				CLANG_ENABLE_MODULES = YES;
				CLANG_ENABLE_OBJC_ARC = YES;
				CLANG_ENABLE_OBJC_WEAK = YES;
				CLANG_WARN_BLOCK_CAPTURE_AUTORELEASING = YES;
				CLANG_WARN_BOOL_CONVERSION = YES;
				CLANG_WARN_COMMA = YES;
				CLANG_WARN_CONSTANT_CONVERSION = YES;
				CLANG_WARN_DEPRECATED_OBJC_IMPLEMENTATIONS = YES;
				CLANG_WARN_DIRECT_OBJC_ISA_USAGE = YES_ERROR;
				CLANG_WARN_DOCUMENTATION_COMMENTS = YES;
				CLANG_WARN_EMPTY_BODY = YES;
				CLANG_WARN_ENUM_CONVERSION = YES;
				CLANG_WARN_INFINITE_RECURSION = YES;
				CLANG_WARN_INT_CONVERSION = YES;
				CLANG_WARN_NON_LITERAL_NULL_CONVERSION = YES;
				CLANG_WARN_OBJC_IMPLICIT_RETAIN_SELF = YES;
				CLANG_WARN_OBJC_LITERAL_CONVERSION = YES;
				CLANG_WARN_OBJC_ROOT_CLASS = YES_ERROR;
				CLANG_WARN_RANGE_LOOP_ANALYSIS = YES;
				CLANG_WARN_STRICT_PROTOTYPES = YES;
				CLANG_WARN_SUSPICIOUS_MOVE = YES;
				CLANG_WARN_UNGUARDED_AVAILABILITY = YES_AGGRESSIVE;
				CLANG_WARN_UNREACHABLE_CODE = YES;
				CLANG_WARN__DUPLICATE_METHOD_MATCH = YES;
				COPY_PHASE_STRIP = NO;
				DEBUG_INFORMATION_FORMAT = "dwarf-with-dsym";
				ENABLE_NS_ASSERTIONS = NO;
				ENABLE_STRICT_OBJC_MSGSEND = YES;
				GCC_C_LANGUAGE_STANDARD = gnu11;
				GCC_NO_COMMON_BLOCKS = YES;
				GCC_WARN_64_TO_32_BIT_CONVERSION = YES;
				GCC_WARN_ABOUT_RETURN_TYPE = YES_ERROR;
				GCC_WARN_UNDECLARED_SELECTOR = YES;
				GCC_WARN_UNINITIALIZED_AUTOS = YES_AGGRESSIVE;
				GCC_WARN_UNUSED_FUNCTION = YES;
				GCC_WARN_UNUSED_VARIABLE = YES;
				MACOSX_DEPLOYMENT_TARGET = 10.15;
				MTL_ENABLE_DEBUG_INFO = NO;
				MTL_FAST_MATH = YES;
				SDKROOT = macosx;
			};
			name = Release;
		};
		D492563324647AC6008CCC44 /* Debug */ = {
			isa = XCBuildConfiguration;
			buildSettings = {
				CODE_SIGN_STYLE = Automatic;
				PRODUCT_NAME = "$(TARGET_NAME)";
			};
			name = Debug;
		};
		D492563424647AC6008CCC44 /* Release */ = {
			isa = XCBuildConfiguration;
			buildSettings = {
				CODE_SIGN_STYLE = Automatic;
				PRODUCT_NAME = "$(TARGET_NAME)";
			};
			name = Release;
		};
/* End XCBuildConfiguration section */

/* Begin XCConfigurationList section */
		D492562624647AC6008CCC44 /* Build configuration list for PBXProject "3-cpp" */ = {
			isa = XCConfigurationList;
			buildConfigurations = (
				D492563024647AC6008CCC44 /* Debug */,
				D492563124647AC6008CCC44 /* Release */,
			);
			defaultConfigurationIsVisible = 0;
			defaultConfigurationName = Release;
		};
		D492563224647AC6008CCC44 /* Build configuration list for PBXNativeTarget "3-cpp" */ = {
			isa = XCConfigurationList;
			buildConfigurations = (
				D492563324647AC6008CCC44 /* Debug */,
				D492563424647AC6008CCC44 /* Release */,
			);
			defaultConfigurationIsVisible = 0;
			defaultConfigurationName = Release;
		};
/* End XCConfigurationList section */
	};
	rootObject = D492562324647AC6008CCC44 /* Project object */;
}
